
Microsoft Visual Studio Solution File, Format Version 12.00
# Visual Studio 15
Project("{FAE04EC0-301F-11D3-BF4B-00C04F79EFBC}") = "Assembly-CSharp", "Assembly-CSharp.csproj", "{3273399E-9A8E-A4E2-C787-ABEDF2EA8248}"
EndProject
Project("{FAE04EC0-301F-11D3-BF4B-00C04F79EFBC}") = "Assembly-CSharp-Editor-firstpass", "Assembly-CSharp-Editor-firstpass.csproj", "{3BBA564E-22D7-26FF-500F-0AE7B82CC952}"
EndProject
Global
	GlobalSection(SolutionConfigurationPlatforms) = preSolution
		Debug|Any CPU = Debug|Any CPU
		Release|Any CPU = Release|Any CPU
	EndGlobalSection
	GlobalSection(ProjectConfigurationPlatforms) = postSolution
		{3273399E-9A8E-A4E2-C787-ABEDF2EA8248}.Debug|Any CPU.ActiveCfg = Debug|Any CPU
		{3273399E-9A8E-A4E2-C787-ABEDF2EA8248}.Debug|Any CPU.Build.0 = Debug|Any CPU
		{3273399E-9A8E-A4E2-C787-ABEDF2EA8248}.Release|Any CPU.ActiveCfg = Release|Any CPU
		{3273399E-9A8E-A4E2-C787-ABEDF2EA8248}.Release|Any CPU.Build.0 = Release|Any CPU
		{3BBA564E-22D7-26FF-500F-0AE7B82CC952}.Debug|Any CPU.ActiveCfg = Debug|Any CPU
		{3BBA564E-22D7-26FF-500F-0AE7B82CC952}.Debug|Any CPU.Build.0 = Debug|Any CPU
		{3BBA564E-22D7-26FF-500F-0AE7B82CC952}.Release|Any CPU.ActiveCfg = Release|Any CPU
		{3BBA564E-22D7-26FF-500F-0AE7B82CC952}.Release|Any CPU.Build.0 = Release|Any CPU
	EndGlobalSection
	GlobalSection(SolutionProperties) = preSolution
		HideSolutionNode = FALSE
	EndGlobalSection
EndGlobal
